# This file is autogenerated, do not edit; changes may be undone by the next 'dep ensure'.


[[projects]]
  name = "github.com/agext/levenshtein"
  packages = ["."]
  revision = "0ded9c86537917af2ff89bc9c78de6bd58477894"
  version = "v1.2.2"

[[projects]]
  name = "github.com/apparentlymart/go-textseg"
  packages = ["textseg"]
  revision = "fb01f485ebef760e5ee06d55e1b07534dda2d295"
  version = "v1.0.0"

[[projects]]
  name = "github.com/google/go-cmp"
  packages = ["cmp","cmp/internal/diff","cmp/internal/flags","cmp/internal/function","cmp/internal/value"]
  revision = "2d0692c2e9617365a95b295612ac0d4415ba4627"
  version = "v0.3.1"

[[projects]]
  name = "github.com/gorilla/websocket"
  packages = ["."]
  revision = "c3e18be99d19e6b3e8f1559eea2c161a665c4b6b"
  version = "v1.4.1"

[[projects]]
  branch = "master"
  name = "github.com/hashicorp/hcl2"
  packages = ["hcl","hcl/hclsyntax","hclwrite"]
  revision = "fb75b3253c80b3bc7ca99c4bfa2ad6743841b1af"

[[projects]]
  name = "github.com/mitchellh/go-wordwrap"
  packages = ["."]
  revision = "9e67c67572bc5dd02aef930e2b0ae3c02a4b5a5c"
  version = "v1.0.0"

[[projects]]
  name = "github.com/signalfx/golib"
  packages = ["pointer"]
  revision = "8850415b2e2b0a5087ede7717c30b0ad1f6f4abd"
  version = "v2.5.1"

[[projects]]
  name = "github.com/signalfx/signalfx-go"
  packages = [".","chart","dashboard","dashboard_group","detector","idtool","integration","metrics_metadata","notification","organization","orgtoken","signalflow","signalflow/messages","team","util"]
  revision = "9b3b88211cab1e92d79ef43e33ffa3b310a27e0b"
  version = "v1.6.4"

[[projects]]
  name = "github.com/zclconf/go-cty"
  packages = ["cty","cty/convert","cty/function","cty/function/stdlib","cty/gocty","cty/json","cty/set"]
  revision = "01e2a242a65eb6f8ee372ddcea68c111fd4da15e"
  version = "v1.1.0"

[[projects]]
  name = "golang.org/x/text"
  packages = ["internal/gen","internal/triegen","internal/ucd","transform","unicode/cldr","unicode/norm"]
  revision = "342b2e1fbaa52c93f31447ad2c6abc048c63e475"
  version = "v0.3.2"

[solve-meta]
  analyzer-name = "dep"
  analyzer-version = 1
  inputs-digest = "38c526f958f68919712b55a9ecddd2d1b4d8cbdf238e9d62dd2bf04f69c1e305"
  solver-name = "gps-cdcl"
  solver-version = 1
